// !$*UTF8*$!
{
	archiveVersion = 1;
	classes = {
	};
	objectVersion = 55;
	objects = {

/* Begin PBXBuildFile section */
		CDEBBDEE283EE459004772C7 /* AppDelegate.swift in Sources */ = {isa = PBXBuildFile; fileRef = CDEBBDED283EE459004772C7 /* AppDelegate.swift */; };
		CDEBBDF0283EE459004772C7 /* SceneDelegate.swift in Sources */ = {isa = PBXBuildFile; fileRef = CDEBBDEF283EE459004772C7 /* SceneDelegate.swift */; };
		CDEBBDF2283EE459004772C7 /* ViewController.swift in Sources */ = {isa = PBXBuildFile; fileRef = CDEBBDF1283EE459004772C7 /* ViewController.swift */; };
		CDEBBDF5283EE459004772C7 /* Main.storyboard in Resources */ = {isa = PBXBuildFile; fileRef = CDEBBDF3283EE459004772C7 /* Main.storyboard */; };
		CDEBBDF8283EE459004772C7 /* FP_Developers_IOS_.xcdatamodeld in Sources */ = {isa = PBXBuildFile; fileRef = CDEBBDF6283EE459004772C7 /* FP_Developers_IOS_.xcdatamodeld */; };
		CDEBBDFA283EE45A004772C7 /* Assets.xcassets in Resources */ = {isa = PBXBuildFile; fileRef = CDEBBDF9283EE45A004772C7 /* Assets.xcassets */; };
		CDEBBDFD283EE45A004772C7 /* LaunchScreen.storyboard in Resources */ = {isa = PBXBuildFile; fileRef = CDEBBDFB283EE45A004772C7 /* LaunchScreen.storyboard */; };
		CDEBBE08283EE45A004772C7 /* FP_Developers_IOS_Tests.swift in Sources */ = {isa = PBXBuildFile; fileRef = CDEBBE07283EE45A004772C7 /* FP_Developers_IOS_Tests.swift */; };
		CDEBBE12283EE45A004772C7 /* FP_Developers_IOS_UITests.swift in Sources */ = {isa = PBXBuildFile; fileRef = CDEBBE11283EE45A004772C7 /* FP_Developers_IOS_UITests.swift */; };
		CDEBBE14283EE45A004772C7 /* FP_Developers_IOS_UITestsLaunchTests.swift in Sources */ = {isa = PBXBuildFile; fileRef = CDEBBE13283EE45A004772C7 /* FP_Developers_IOS_UITestsLaunchTests.swift */; };
/* End PBXBuildFile section */

/* Begin PBXContainerItemProxy section */
		CDEBBE04283EE45A004772C7 /* PBXContainerItemProxy */ = {
			isa = PBXContainerItemProxy;
			containerPortal = CDEBBDE2283EE459004772C7 /* Project object */;
			proxyType = 1;
			remoteGlobalIDString = CDEBBDE9283EE459004772C7;
			remoteInfo = FP_Developers_IOS_;
		};
		CDEBBE0E283EE45A004772C7 /* PBXContainerItemProxy */ = {
			isa = PBXContainerItemProxy;
			containerPortal = CDEBBDE2283EE459004772C7 /* Project object */;
			proxyType = 1;
			remoteGlobalIDString = CDEBBDE9283EE459004772C7;
			remoteInfo = FP_Developers_IOS_;
		};
/* End PBXContainerItemProxy section */

/* Begin PBXFileReference section */
		CDEBBDEA283EE459004772C7 /* FP_Developers_IOS_.app */ = {isa = PBXFileReference; explicitFileType = wrapper.application; includeInIndex = 0; path = FP_Developers_IOS_.app; sourceTree = BUILT_PRODUCTS_DIR; };
		CDEBBDED283EE459004772C7 /* AppDelegate.swift */ = {isa = PBXFileReference; lastKnownFileType = sourcecode.swift; path = AppDelegate.swift; sourceTree = "<group>"; };
		CDEBBDEF283EE459004772C7 /* SceneDelegate.swift */ = {isa = PBXFileReference; lastKnownFileType = sourcecode.swift; path = SceneDelegate.swift; sourceTree = "<group>"; };
		CDEBBDF1283EE459004772C7 /* ViewController.swift */ = {isa = PBXFileReference; lastKnownFileType = sourcecode.swift; path = ViewController.swift; sourceTree = "<group>"; };
		CDEBBDF4283EE459004772C7 /* Base */ = {isa = PBXFileReference; lastKnownFileType = file.storyboard; name = Base; path = Base.lproj/Main.storyboard; sourceTree = "<group>"; };
		CDEBBDF7283EE459004772C7 /* FP_Developers_IOS_.xcdatamodel */ = {isa = PBXFileReference; lastKnownFileType = wrapper.xcdatamodel; path = FP_Developers_IOS_.xcdatamodel; sourceTree = "<group>"; };
		CDEBBDF9283EE45A004772C7 /* Assets.xcassets */ = {isa = PBXFileReference; lastKnownFileType = folder.assetcatalog; path = Assets.xcassets; sourceTree = "<group>"; };
		CDEBBDFC283EE45A004772C7 /* Base */ = {isa = PBXFileReference; lastKnownFileType = file.storyboard; name = Base; path = Base.lproj/LaunchScreen.storyboard; sourceTree = "<group>"; };
		CDEBBDFE283EE45A004772C7 /* Info.plist */ = {isa = PBXFileReference; lastKnownFileType = text.plist.xml; path = Info.plist; sourceTree = "<group>"; };
		CDEBBE03283EE45A004772C7 /* FP_Developers_IOS_Tests.xctest */ = {isa = PBXFileReference; explicitFileType = wrapper.cfbundle; includeInIndex = 0; path = FP_Developers_IOS_Tests.xctest; sourceTree = BUILT_PRODUCTS_DIR; };
		CDEBBE07283EE45A004772C7 /* FP_Developers_IOS_Tests.swift */ = {isa = PBXFileReference; lastKnownFileType = sourcecode.swift; path = FP_Developers_IOS_Tests.swift; sourceTree = "<group>"; };
		CDEBBE0D283EE45A004772C7 /* FP_Developers_IOS_UITests.xctest */ = {isa = PBXFileReference; explicitFileType = wrapper.cfbundle; includeInIndex = 0; path = FP_Developers_IOS_UITests.xctest; sourceTree = BUILT_PRODUCTS_DIR; };
		CDEBBE11283EE45A004772C7 /* FP_Developers_IOS_UITests.swift */ = {isa = PBXFileReference; lastKnownFileType = sourcecode.swift; path = FP_Developers_IOS_UITests.swift; sourceTree = "<group>"; };
		CDEBBE13283EE45A004772C7 /* FP_Developers_IOS_UITestsLaunchTests.swift */ = {isa = PBXFileReference; lastKnownFileType = sourcecode.swift; path = FP_Developers_IOS_UITestsLaunchTests.swift; sourceTree = "<group>"; };
/* End PBXFileReference section */

/* Begin PBXFrameworksBuildPhase section */
		CDEBBDE7283EE459004772C7 /* Frameworks */ = {
			isa = PBXFrameworksBuildPhase;
			buildActionMask = 2147483647;
			files = (
			);
			runOnlyForDeploymentPostprocessing = 0;
		};
		CDEBBE00283EE45A004772C7 /* Frameworks */ = {
			isa = PBXFrameworksBuildPhase;
			buildActionMask = 2147483647;
			files = (
			);
			runOnlyForDeploymentPostprocessing = 0;
		};
		CDEBBE0A283EE45A004772C7 /* Frameworks */ = {
			isa = PBXFrameworksBuildPhase;
			buildActionMask = 2147483647;
			files = (
			);
			runOnlyForDeploymentPostprocessing = 0;
		};
/* End PBXFrameworksBuildPhase section */

/* Begin PBXGroup section */
		CDEBBDE1283EE459004772C7 = {
			isa = PBXGroup;
			children = (
				CDEBBDEC283EE459004772C7 /* FP_Developers_IOS_ */,
				CDEBBE06283EE45A004772C7 /* FP_Developers_IOS_Tests */,
				CDEBBE10283EE45A004772C7 /* FP_Developers_IOS_UITests */,
				CDEBBDEB283EE459004772C7 /* Products */,
			);
			sourceTree = "<group>";
		};
		CDEBBDEB283EE459004772C7 /* Products */ = {
			isa = PBXGroup;
			children = (
				CDEBBDEA283EE459004772C7 /* FP_Developers_IOS_.app */,
				CDEBBE03283EE45A004772C7 /* FP_Developers_IOS_Tests.xctest */,
				CDEBBE0D283EE45A004772C7 /* FP_Developers_IOS_UITests.xctest */,
			);
			name = Products;
			sourceTree = "<group>";
		};
		CDEBBDEC283EE459004772C7 /* FP_Developers_IOS_ */ = {
			isa = PBXGroup;
			children = (
				CDEBBDED283EE459004772C7 /* AppDelegate.swift */,
				CDEBBDEF283EE459004772C7 /* SceneDelegate.swift */,
				CDEBBDF1283EE459004772C7 /* ViewController.swift */,
				CDEBBDF3283EE459004772C7 /* Main.storyboard */,
				CDEBBDF9283EE45A004772C7 /* Assets.xcassets */,
				CDEBBDFB283EE45A004772C7 /* LaunchScreen.storyboard */,
				CDEBBDFE283EE45A004772C7 /* Info.plist */,
				CDEBBDF6283EE459004772C7 /* FP_Developers_IOS_.xcdatamodeld */,
			);
			path = FP_Developers_IOS_;
			sourceTree = "<group>";
		};
		CDEBBE06283EE45A004772C7 /* FP_Developers_IOS_Tests */ = {
			isa = PBXGroup;
			children = (
				CDEBBE07283EE45A004772C7 /* FP_Developers_IOS_Tests.swift */,
			);
			path = FP_Developers_IOS_Tests;
			sourceTree = "<group>";
		};
		CDEBBE10283EE45A004772C7 /* FP_Developers_IOS_UITests */ = {
			isa = PBXGroup;
			children = (
				CDEBBE11283EE45A004772C7 /* FP_Developers_IOS_UITests.swift */,
				CDEBBE13283EE45A004772C7 /* FP_Developers_IOS_UITestsLaunchTests.swift */,
			);
			path = FP_Developers_IOS_UITests;
			sourceTree = "<group>";
		};
/* End PBXGroup section */

/* Begin PBXNativeTarget section */
		CDEBBDE9283EE459004772C7 /* FP_Developers_IOS_ */ = {
			isa = PBXNativeTarget;
			buildConfigurationList = CDEBBE17283EE45A004772C7 /* Build configuration list for PBXNativeTarget "FP_Developers_IOS_" */;
			buildPhases = (
				CDEBBDE6283EE459004772C7 /* Sources */,
				CDEBBDE7283EE459004772C7 /* Frameworks */,
				CDEBBDE8283EE459004772C7 /* Resources */,
			);
			buildRules = (
			);
			dependencies = (
			);
			name = FP_Developers_IOS_;
			productName = FP_Developers_IOS_;
			productReference = CDEBBDEA283EE459004772C7 /* FP_Developers_IOS_.app */;
			productType = "com.apple.product-type.application";
		};
		CDEBBE02283EE45A004772C7 /* FP_Developers_IOS_Tests */ = {
			isa = PBXNativeTarget;
			buildConfigurationList = CDEBBE1A283EE45A004772C7 /* Build configuration list for PBXNativeTarget "FP_Developers_IOS_Tests" */;
			buildPhases = (
				CDEBBDFF283EE45A004772C7 /* Sources */,
				CDEBBE00283EE45A004772C7 /* Frameworks */,
				CDEBBE01283EE45A004772C7 /* Resources */,
			);
			buildRules = (
			);
			dependencies = (
				CDEBBE05283EE45A004772C7 /* PBXTargetDependency */,
			);
			name = FP_Developers_IOS_Tests;
			productName = FP_Developers_IOS_Tests;
			productReference = CDEBBE03283EE45A004772C7 /* FP_Developers_IOS_Tests.xctest */;
			productType = "com.apple.product-type.bundle.unit-test";
		};
		CDEBBE0C283EE45A004772C7 /* FP_Developers_IOS_UITests */ = {
			isa = PBXNativeTarget;
			buildConfigurationList = CDEBBE1D283EE45A004772C7 /* Build configuration list for PBXNativeTarget "FP_Developers_IOS_UITests" */;
			buildPhases = (
				CDEBBE09283EE45A004772C7 /* Sources */,
				CDEBBE0A283EE45A004772C7 /* Frameworks */,
				CDEBBE0B283EE45A004772C7 /* Resources */,
			);
			buildRules = (
			);
			dependencies = (
				CDEBBE0F283EE45A004772C7 /* PBXTargetDependency */,
			);
			name = FP_Developers_IOS_UITests;
			productName = FP_Developers_IOS_UITests;
			productReference = CDEBBE0D283EE45A004772C7 /* FP_Developers_IOS_UITests.xctest */;
			productType = "com.apple.product-type.bundle.ui-testing";
		};
/* End PBXNativeTarget section */

/* Begin PBXProject section */
		CDEBBDE2283EE459004772C7 /* Project object */ = {
			isa = PBXProject;
			attributes = {
				BuildIndependentTargetsInParallel = 1;
				LastSwiftUpdateCheck = 1320;
				LastUpgradeCheck = 1320;
				TargetAttributes = {
					CDEBBDE9283EE459004772C7 = {
						CreatedOnToolsVersion = 13.2.1;
					};
					CDEBBE02283EE45A004772C7 = {
						CreatedOnToolsVersion = 13.2.1;
						TestTargetID = CDEBBDE9283EE459004772C7;
					};
					CDEBBE0C283EE45A004772C7 = {
						CreatedOnToolsVersion = 13.2.1;
						TestTargetID = CDEBBDE9283EE459004772C7;
					};
				};
			};
			buildConfigurationList = CDEBBDE5283EE459004772C7 /* Build configuration list for PBXProject "FP_Developers_IOS_" */;
			compatibilityVersion = "Xcode 13.0";
			developmentRegion = en;
			hasScannedForEncodings = 0;
			knownRegions = (
				en,
				Base,
			);
			mainGroup = CDEBBDE1283EE459004772C7;
			productRefGroup = CDEBBDEB283EE459004772C7 /* Products */;
			projectDirPath = "";
			projectRoot = "";
			targets = (
				CDEBBDE9283EE459004772C7 /* FP_Developers_IOS_ */,
				CDEBBE02283EE45A004772C7 /* FP_Developers_IOS_Tests */,
				CDEBBE0C283EE45A004772C7 /* FP_Developers_IOS_UITests */,
			);
		};
/* End PBXProject section */

/* Begin PBXResourcesBuildPhase section */
		CDEBBDE8283EE459004772C7 /* Resources */ = {
			isa = PBXResourcesBuildPhase;
			buildActionMask = 2147483647;
			files = (
				CDEBBDFD283EE45A004772C7 /* LaunchScreen.storyboard in Resources */,
				CDEBBDFA283EE45A004772C7 /* Assets.xcassets in Resources */,
				CDEBBDF5283EE459004772C7 /* Main.storyboard in Resources */,
			);
			runOnlyForDeploymentPostprocessing = 0;
		};
		CDEBBE01283EE45A004772C7 /* Resources */ = {
			isa = PBXResourcesBuildPhase;
			buildActionMask = 2147483647;
			files = (
			);
			runOnlyForDeploymentPostprocessing = 0;
		};
		CDEBBE0B283EE45A004772C7 /* Resources */ = {
			isa = PBXResourcesBuildPhase;
			buildActionMask = 2147483647;
			files = (
			);
			runOnlyForDeploymentPostprocessing = 0;
		};
/* End PBXResourcesBuildPhase section */

/* Begin PBXSourcesBuildPhase section */
		CDEBBDE6283EE459004772C7 /* Sources */ = {
			isa = PBXSourcesBuildPhase;
			buildActionMask = 2147483647;
			files = (
				CDEBBDF2283EE459004772C7 /* ViewController.swift in Sources */,
				CDEBBDEE283EE459004772C7 /* AppDelegate.swift in Sources */,
				CDEBBDF8283EE459004772C7 /* FP_Developers_IOS_.xcdatamodeld in Sources */,
				CDEBBDF0283EE459004772C7 /* SceneDelegate.swift in Sources */,
			);
			runOnlyForDeploymentPostprocessing = 0;
		};
		CDEBBDFF283EE45A004772C7 /* Sources */ = {
			isa = PBXSourcesBuildPhase;
			buildActionMask = 2147483647;
			files = (
				CDEBBE08283EE45A004772C7 /* FP_Developers_IOS_Tests.swift in Sources */,
			);
			runOnlyForDeploymentPostprocessing = 0;
		};
		CDEBBE09283EE45A004772C7 /* Sources */ = {
			isa = PBXSourcesBuildPhase;
			buildActionMask = 2147483647;
			files = (
				CDEBBE12283EE45A004772C7 /* FP_Developers_IOS_UITests.swift in Sources */,
				CDEBBE14283EE45A004772C7 /* FP_Developers_IOS_UITestsLaunchTests.swift in Sources */,
			);
			runOnlyForDeploymentPostprocessing = 0;
		};
/* End PBXSourcesBuildPhase section */

/* Begin PBXTargetDependency section */
		CDEBBE05283EE45A004772C7 /* PBXTargetDependency */ = {
			isa = PBXTargetDependency;
			target = CDEBBDE9283EE459004772C7 /* FP_Developers_IOS_ */;
			targetProxy = CDEBBE04283EE45A004772C7 /* PBXContainerItemProxy */;
		};
		CDEBBE0F283EE45A004772C7 /* PBXTargetDependency */ = {
			isa = PBXTargetDependency;
			target = CDEBBDE9283EE459004772C7 /* FP_Developers_IOS_ */;
			targetProxy = CDEBBE0E283EE45A004772C7 /* PBXContainerItemProxy */;
		};
/* End PBXTargetDependency section */

/* Begin PBXVariantGroup section */
		CDEBBDF3283EE459004772C7 /* Main.storyboard */ = {
			isa = PBXVariantGroup;
			children = (
				CDEBBDF4283EE459004772C7 /* Base */,
			);
			name = Main.storyboard;
			sourceTree = "<group>";
		};
		CDEBBDFB283EE45A004772C7 /* LaunchScreen.storyboard */ = {
			isa = PBXVariantGroup;
			children = (
				CDEBBDFC283EE45A004772C7 /* Base */,
			);
			name = LaunchScreen.storyboard;
			sourceTree = "<group>";
		};
/* End PBXVariantGroup section */

/* Begin XCBuildConfiguration section */
		CDEBBE15283EE45A004772C7 /* Debug */ = {
			isa = XCBuildConfiguration;
			buildSettings = {
				ALWAYS_SEARCH_USER_PATHS = NO;
				CLANG_ANALYZER_NONNULL = YES;
				CLANG_ANALYZER_NUMBER_OBJECT_CONVERSION = YES_AGGRESSIVE;
				CLANG_CXX_LANGUAGE_STANDARD = "gnu++17";
				CLANG_CXX_LIBRARY = "libc++";
				CLANG_ENABLE_MODULES = YES;
				CLANG_ENABLE_OBJC_ARC = YES;
				CLANG_ENABLE_OBJC_WEAK = YES;
				CLANG_WARN_BLOCK_CAPTURE_AUTORELEASING = YES;
				CLANG_WARN_BOOL_CONVERSION = YES;
				CLANG_WARN_COMMA = YES;
				CLANG_WARN_CONSTANT_CONVERSION = YES;
				CLANG_WARN_DEPRECATED_OBJC_IMPLEMENTATIONS = YES;
				CLANG_WARN_DIRECT_OBJC_ISA_USAGE = YES_ERROR;
				CLANG_WARN_DOCUMENTATION_COMMENTS = YES;
				CLANG_WARN_EMPTY_BODY = YES;
				CLANG_WARN_ENUM_CONVERSION = YES;
				CLANG_WARN_INFINITE_RECURSION = YES;
				CLANG_WARN_INT_CONVERSION = YES;
				CLANG_WARN_NON_LITERAL_NULL_CONVERSION = YES;
				CLANG_WARN_OBJC_IMPLICIT_RETAIN_SELF = YES;
				CLANG_WARN_OBJC_LITERAL_CONVERSION = YES;
				CLANG_WARN_OBJC_ROOT_CLASS = YES_ERROR;
				CLANG_WARN_QUOTED_INCLUDE_IN_FRAMEWORK_HEADER = YES;
				CLANG_WARN_RANGE_LOOP_ANALYSIS = YES;
				CLANG_WARN_STRICT_PROTOTYPES = YES;
				CLANG_WARN_SUSPICIOUS_MOVE = YES;
				CLANG_WARN_UNGUARDED_AVAILABILITY = YES_AGGRESSIVE;
				CLANG_WARN_UNREACHABLE_CODE = YES;
				CLANG_WARN__DUPLICATE_METHOD_MATCH = YES;
				COPY_PHASE_STRIP = NO;
				DEBUG_INFORMATION_FORMAT = dwarf;
				ENABLE_STRICT_OBJC_MSGSEND = YES;
				ENABLE_TESTABILITY = YES;
				GCC_C_LANGUAGE_STANDARD = gnu11;
				GCC_DYNAMIC_NO_PIC = NO;
				GCC_NO_COMMON_BLOCKS = YES;
				GCC_OPTIMIZATION_LEVEL = 0;
				GCC_PREPROCESSOR_DEFINITIONS = (
					"DEBUG=1",
					"$(inherited)",
				);
				GCC_WARN_64_TO_32_BIT_CONVERSION = YES;
				GCC_WARN_ABOUT_RETURN_TYPE = YES_ERROR;
				GCC_WARN_UNDECLARED_SELECTOR = YES;
				GCC_WARN_UNINITIALIZED_AUTOS = YES_AGGRESSIVE;
				GCC_WARN_UNUSED_FUNCTION = YES;
				GCC_WARN_UNUSED_VARIABLE = YES;
				IPHONEOS_DEPLOYMENT_TARGET = 15.2;
				MTL_ENABLE_DEBUG_INFO = INCLUDE_SOURCE;
				MTL_FAST_MATH = YES;
				ONLY_ACTIVE_ARCH = YES;
				SDKROOT = iphoneos;
				SWIFT_ACTIVE_COMPILATION_CONDITIONS = DEBUG;
				SWIFT_OPTIMIZATION_LEVEL = "-Onone";
			};
			name = Debug;
		};
		CDEBBE16283EE45A004772C7 /* Release */ = {
			isa = XCBuildConfiguration;
			buildSettings = {
				ALWAYS_SEARCH_USER_PATHS = NO;
				CLANG_ANALYZER_NONNULL = YES;
				CLANG_ANALYZER_NUMBER_OBJECT_CONVERSION = YES_AGGRESSIVE;
				CLANG_CXX_LANGUAGE_STANDARD = "gnu++17";
				CLANG_CXX_LIBRARY = "libc++";
				CLANG_ENABLE_MODULES = YES;
				CLANG_ENABLE_OBJC_ARC = YES;
				CLANG_ENABLE_OBJC_WEAK = YES;
				CLANG_WARN_BLOCK_CAPTURE_AUTORELEASING = YES;
				CLANG_WARN_BOOL_CONVERSION = YES;
				CLANG_WARN_COMMA = YES;
				CLANG_WARN_CONSTANT_CONVERSION = YES;
				CLANG_WARN_DEPRECATED_OBJC_IMPLEMENTATIONS = YES;
				CLANG_WARN_DIRECT_OBJC_ISA_USAGE = YES_ERROR;
				CLANG_WARN_DOCUMENTATION_COMMENTS = YES;
				CLANG_WARN_EMPTY_BODY = YES;
				CLANG_WARN_ENUM_CONVERSION = YES;
				CLANG_WARN_INFINITE_RECURSION = YES;
				CLANG_WARN_INT_CONVERSION = YES;
				CLANG_WARN_NON_LITERAL_NULL_CONVERSION = YES;
				CLANG_WARN_OBJC_IMPLICIT_RETAIN_SELF = YES;
				CLANG_WARN_OBJC_LITERAL_CONVERSION = YES;
				CLANG_WARN_OBJC_ROOT_CLASS = YES_ERROR;
				CLANG_WARN_QUOTED_INCLUDE_IN_FRAMEWORK_HEADER = YES;
				CLANG_WARN_RANGE_LOOP_ANALYSIS = YES;
				CLANG_WARN_STRICT_PROTOTYPES = YES;
				CLANG_WARN_SUSPICIOUS_MOVE = YES;
				CLANG_WARN_UNGUARDED_AVAILABILITY = YES_AGGRESSIVE;
				CLANG_WARN_UNREACHABLE_CODE = YES;
				CLANG_WARN__DUPLICATE_METHOD_MATCH = YES;
				COPY_PHASE_STRIP = NO;
				DEBUG_INFORMATION_FORMAT = "dwarf-with-dsym";
				ENABLE_NS_ASSERTIONS = NO;
				ENABLE_STRICT_OBJC_MSGSEND = YES;
				GCC_C_LANGUAGE_STANDARD = gnu11;
				GCC_NO_COMMON_BLOCKS = YES;
				GCC_WARN_64_TO_32_BIT_CONVERSION = YES;
				GCC_WARN_ABOUT_RETURN_TYPE = YES_ERROR;
				GCC_WARN_UNDECLARED_SELECTOR = YES;
				GCC_WARN_UNINITIALIZED_AUTOS = YES_AGGRESSIVE;
				GCC_WARN_UNUSED_FUNCTION = YES;
				GCC_WARN_UNUSED_VARIABLE = YES;
				IPHONEOS_DEPLOYMENT_TARGET = 15.2;
				MTL_ENABLE_DEBUG_INFO = NO;
				MTL_FAST_MATH = YES;
				SDKROOT = iphoneos;
				SWIFT_COMPILATION_MODE = wholemodule;
				SWIFT_OPTIMIZATION_LEVEL = "-O";
				VALIDATE_PRODUCT = YES;
			};
			name = Release;
		};
		CDEBBE18283EE45A004772C7 /* Debug */ = {
			isa = XCBuildConfiguration;
			buildSettings = {
				ASSETCATALOG_COMPILER_APPICON_NAME = AppIcon;
				ASSETCATALOG_COMPILER_GLOBAL_ACCENT_COLOR_NAME = AccentColor;
				CODE_SIGN_STYLE = Automatic;
				CURRENT_PROJECT_VERSION = 1;
				DEVELOPMENT_TEAM = CU2XZCLATY;
				GENERATE_INFOPLIST_FILE = YES;
				INFOPLIST_FILE = FP_Developers_IOS_/Info.plist;
				INFOPLIST_KEY_UIApplicationSupportsIndirectInputEvents = YES;
				INFOPLIST_KEY_UILaunchStoryboardName = LaunchScreen;
				INFOPLIST_KEY_UIMainStoryboardFile = Main;
				INFOPLIST_KEY_UISupportedInterfaceOrientations_iPad = "UIInterfaceOrientationPortrait UIInterfaceOrientationPortraitUpsideDown UIInterfaceOrientationLandscapeLeft UIInterfaceOrientationLandscapeRight";
				INFOPLIST_KEY_UISupportedInterfaceOrientations_iPhone = "UIInterfaceOrientationPortrait UIInterfaceOrientationLandscapeLeft UIInterfaceOrientationLandscapeRight";
				LD_RUNPATH_SEARCH_PATHS = (
					"$(inherited)",
					"@executable_path/Frameworks",
				);
				MARKETING_VERSION = 1.0;
				PRODUCT_BUNDLE_IDENTIFIER = "Dhruviex.FP-Developers-IOS-";
				PRODUCT_NAME = "$(TARGET_NAME)";
				SWIFT_EMIT_LOC_STRINGS = YES;
				SWIFT_VERSION = 5.0;
				TARGETED_DEVICE_FAMILY = "1,2";
			};
			name = Debug;
		};
		CDEBBE19283EE45A004772C7 /* Release */ = {
			isa = XCBuildConfiguration;
			buildSettings = {
				ASSETCATALOG_COMPILER_APPICON_NAME = AppIcon;
				ASSETCATALOG_COMPILER_GLOBAL_ACCENT_COLOR_NAME = AccentColor;
				CODE_SIGN_STYLE = Automatic;
				CURRENT_PROJECT_VERSION = 1;
				DEVELOPMENT_TEAM = CU2XZCLATY;
				GENERATE_INFOPLIST_FILE = YES;
				INFOPLIST_FILE = FP_Developers_IOS_/Info.plist;
				INFOPLIST_KEY_UIApplicationSupportsIndirectInputEvents = YES;
				INFOPLIST_KEY_UILaunchStoryboardName = LaunchScreen;
				INFOPLIST_KEY_UIMainStoryboardFile = Main;
				INFOPLIST_KEY_UISupportedInterfaceOrientations_iPad = "UIInterfaceOrientationPortrait UIInterfaceOrientationPortraitUpsideDown UIInterfaceOrientationLandscapeLeft UIInterfaceOrientationLandscapeRight";
				INFOPLIST_KEY_UISupportedInterfaceOrientations_iPhone = "UIInterfaceOrientationPortrait UIInterfaceOrientationLandscapeLeft UIInterfaceOrientationLandscapeRight";
				LD_RUNPATH_SEARCH_PATHS = (
					"$(inherited)",
					"@executable_path/Frameworks",
				);
				MARKETING_VERSION = 1.0;
				PRODUCT_BUNDLE_IDENTIFIER = "Dhruviex.FP-Developers-IOS-";
				PRODUCT_NAME = "$(TARGET_NAME)";
				SWIFT_EMIT_LOC_STRINGS = YES;
				SWIFT_VERSION = 5.0;
				TARGETED_DEVICE_FAMILY = "1,2";
			};
			name = Release;
		};
		CDEBBE1B283EE45A004772C7 /* Debug */ = {
			isa = XCBuildConfiguration;
			buildSettings = {
				ALWAYS_EMBED_SWIFT_STANDARD_LIBRARIES = YES;
				BUNDLE_LOADER = "$(TEST_HOST)";
				CODE_SIGN_STYLE = Automatic;
				CURRENT_PROJECT_VERSION = 1;
				DEVELOPMENT_TEAM = CU2XZCLATY;
				GENERATE_INFOPLIST_FILE = YES;
				IPHONEOS_DEPLOYMENT_TARGET = 15.2;
				MARKETING_VERSION = 1.0;
				PRODUCT_BUNDLE_IDENTIFIER = "Dhruviex.FP-Developers-IOS-Tests";
				PRODUCT_NAME = "$(TARGET_NAME)";
				SWIFT_EMIT_LOC_STRINGS = NO;
				SWIFT_VERSION = 5.0;
				TARGETED_DEVICE_FAMILY = "1,2";
				TEST_HOST = "$(BUILT_PRODUCTS_DIR)/FP_Developers_IOS_.app/FP_Developers_IOS_";
			};
			name = Debug;
		};
		CDEBBE1C283EE45A004772C7 /* Release */ = {
			isa = XCBuildConfiguration;
			buildSettings = {
				ALWAYS_EMBED_SWIFT_STANDARD_LIBRARIES = YES;
				BUNDLE_LOADER = "$(TEST_HOST)";
				CODE_SIGN_STYLE = Automatic;
				CURRENT_PROJECT_VERSION = 1;
				DEVELOPMENT_TEAM = CU2XZCLATY;
				GENERATE_INFOPLIST_FILE = YES;
				IPHONEOS_DEPLOYMENT_TARGET = 15.2;
				MARKETING_VERSION = 1.0;
				PRODUCT_BUNDLE_IDENTIFIER = "Dhruviex.FP-Developers-IOS-Tests";
				PRODUCT_NAME = "$(TARGET_NAME)";
				SWIFT_EMIT_LOC_STRINGS = NO;
				SWIFT_VERSION = 5.0;
				TARGETED_DEVICE_FAMILY = "1,2";
				TEST_HOST = "$(BUILT_PRODUCTS_DIR)/FP_Developers_IOS_.app/FP_Developers_IOS_";
			};
			name = Release;
		};
		CDEBBE1E283EE45A004772C7 /* Debug */ = {
			isa = XCBuildConfiguration;
			buildSettings = {
				ALWAYS_EMBED_SWIFT_STANDARD_LIBRARIES = YES;
				CODE_SIGN_STYLE = Automatic;
				CURRENT_PROJECT_VERSION = 1;
				DEVELOPMENT_TEAM = CU2XZCLATY;
				GENERATE_INFOPLIST_FILE = YES;
				MARKETING_VERSION = 1.0;
				PRODUCT_BUNDLE_IDENTIFIER = "Dhruviex.FP-Developers-IOS-UITests";
				PRODUCT_NAME = "$(TARGET_NAME)";
				SWIFT_EMIT_LOC_STRINGS = NO;
				SWIFT_VERSION = 5.0;
				TARGETED_DEVICE_FAMILY = "1,2";
				TEST_TARGET_NAME = FP_Developers_IOS_;
			};
			name = Debug;
		};
		CDEBBE1F283EE45A004772C7 /* Release */ = {
			isa = XCBuildConfiguration;
			buildSettings = {
				ALWAYS_EMBED_SWIFT_STANDARD_LIBRARIES = YES;
				CODE_SIGN_STYLE = Automatic;
				CURRENT_PROJECT_VERSION = 1;
				DEVELOPMENT_TEAM = CU2XZCLATY;
				GENERATE_INFOPLIST_FILE = YES;
				MARKETING_VERSION = 1.0;
				PRODUCT_BUNDLE_IDENTIFIER = "Dhruviex.FP-Developers-IOS-UITests";
				PRODUCT_NAME = "$(TARGET_NAME)";
				SWIFT_EMIT_LOC_STRINGS = NO;
				SWIFT_VERSION = 5.0;
				TARGETED_DEVICE_FAMILY = "1,2";
				TEST_TARGET_NAME = FP_Developers_IOS_;
			};
			name = Release;
		};
/* End XCBuildConfiguration section */

/* Begin XCConfigurationList section */
		CDEBBDE5283EE459004772C7 /* Build configuration list for PBXProject "FP_Developers_IOS_" */ = {
			isa = XCConfigurationList;
			buildConfigurations = (
				CDEBBE15283EE45A004772C7 /* Debug */,
				CDEBBE16283EE45A004772C7 /* Release */,
			);
			defaultConfigurationIsVisible = 0;
			defaultConfigurationName = Release;
		};
		CDEBBE17283EE45A004772C7 /* Build configuration list for PBXNativeTarget "FP_Developers_IOS_" */ = {
			isa = XCConfigurationList;
			buildConfigurations = (
				CDEBBE18283EE45A004772C7 /* Debug */,
				CDEBBE19283EE45A004772C7 /* Release */,
			);
			defaultConfigurationIsVisible = 0;
			defaultConfigurationName = Release;
		};
		CDEBBE1A283EE45A004772C7 /* Build configuration list for PBXNativeTarget "FP_Developers_IOS_Tests" */ = {
			isa = XCConfigurationList;
			buildConfigurations = (
				CDEBBE1B283EE45A004772C7 /* Debug */,
				CDEBBE1C283EE45A004772C7 /* Release */,
			);
			defaultConfigurationIsVisible = 0;
			defaultConfigurationName = Release;
		};
		CDEBBE1D283EE45A004772C7 /* Build configuration list for PBXNativeTarget "FP_Developers_IOS_UITests" */ = {
			isa = XCConfigurationList;
			buildConfigurations = (
				CDEBBE1E283EE45A004772C7 /* Debug */,
				CDEBBE1F283EE45A004772C7 /* Release */,
			);
			defaultConfigurationIsVisible = 0;
			defaultConfigurationName = Release;
		};
/* End XCConfigurationList section */

/* Begin XCVersionGroup section */
		CDEBBDF6283EE459004772C7 /* FP_Developers_IOS_.xcdatamodeld */ = {
			isa = XCVersionGroup;
			children = (
				CDEBBDF7283EE459004772C7 /* FP_Developers_IOS_.xcdatamodel */,
			);
			currentVersion = CDEBBDF7283EE459004772C7 /* FP_Developers_IOS_.xcdatamodel */;
			path = FP_Developers_IOS_.xcdatamodeld;
			sourceTree = "<group>";
			versionGroupType = wrapper.xcdatamodel;
		};
/* End XCVersionGroup section */
	};
	rootObject = CDEBBDE2283EE459004772C7 /* Project object */;
}
